# Generated by buf. DO NOT EDIT.
version: v1
deps:
  - remote: buf.build
    owner: envoyproxy
    repository: protoc-gen-validate
    branch: main
    commit: dc09a417d27241f7b069feae2cd74a0e
    digest: b1-Ml8P8Frdpw3OwpExAAPdylRY3Drdoz0lwMe104zLBEk=
    create_time: 2021-12-17T23:06:23.975454Z
  - remote: buf.build
    owner: googleapis
    repository: googleapis
    branch: main
    commit: f3590c56d388417ebbedefae77ac12bf
    digest: b1-nbZ1ZLsYdwXyEysqVWKYATvTXYr_alNRBebrjXpIv6k=
    create_time: 2022-04-23T15:03:48.462865Z
